Microsoft Visual Studio Solution File, Format Version 12.00
# Visual Studio 2012
Project("{FAE04EC0-301F-11D3-BF4B-00C04F79EFBC}") = "VtM Hungry Streets", "VtmHungryStreets.csproj", "{AEDEB16A-1512-4878-B55F-E7DF2270FD42}"
EndProject
Global
	GlobalSection(SolutionConfigurationPlatforms) = preSolution
	Debug|Any CPU = Debug|Any CPU
	ExportDebug|Any CPU = ExportDebug|Any CPU
	ExportRelease|Any CPU = ExportRelease|Any CPU
	EndGlobalSection
	GlobalSection(ProjectConfigurationPlatforms) = postSolution
		{AEDEB16A-1512-4878-B55F-E7DF2270FD42}.Debug|Any CPU.ActiveCfg = Debug|Any CPU
		{AEDEB16A-1512-4878-B55F-E7DF2270FD42}.Debug|Any CPU.Build.0 = Debug|Any CPU
		{AEDEB16A-1512-4878-B55F-E7DF2270FD42}.ExportDebug|Any CPU.ActiveCfg = ExportDebug|Any CPU
		{AEDEB16A-1512-4878-B55F-E7DF2270FD42}.ExportDebug|Any CPU.Build.0 = ExportDebug|Any CPU
		{AEDEB16A-1512-4878-B55F-E7DF2270FD42}.ExportRelease|Any CPU.ActiveCfg = ExportRelease|Any CPU
		{AEDEB16A-1512-4878-B55F-E7DF2270FD42}.ExportRelease|Any CPU.Build.0 = ExportRelease|Any CPU
	EndGlobalSection
EndGlobal
